
Microsoft Visual Studio Solution File, Format Version 12.00
# Visual Studio Version 17
VisualStudioVersion = 17.12.35707.178 d17.12
MinimumVisualStudioVersion = 10.0.40219.1
Project("{FAE04EC0-301F-11D3-BF4B-00C04F79EFBC}") = "reactt.Server", "reactt.Server\reactt.Server.csproj", "{69868E7D-CF26-46DD-9430-AC7D5FA7F3A7}"
EndProject
Project("{54A90642-561A-4BB1-A94E-469ADEE60C69}") = "reactt.client", "reactt.client\reactt.client.esproj", "{D04A2442-A5D0-47D0-9B06-C9B6D5A09A34}"
EndProject
Global
	GlobalSection(SolutionConfigurationPlatforms) = preSolution
		Debug|Any CPU = Debug|Any CPU
		Release|Any CPU = Release|Any CPU
	EndGlobalSection
	GlobalSection(ProjectConfigurationPlatforms) = postSolution
		{69868E7D-CF26-46DD-9430-AC7D5FA7F3A7}.Debug|Any CPU.ActiveCfg = Debug|Any CPU
		{69868E7D-CF26-46DD-9430-AC7D5FA7F3A7}.Debug|Any CPU.Build.0 = Debug|Any CPU
		{69868E7D-CF26-46DD-9430-AC7D5FA7F3A7}.Release|Any CPU.ActiveCfg = Release|Any CPU
		{69868E7D-CF26-46DD-9430-AC7D5FA7F3A7}.Release|Any CPU.Build.0 = Release|Any CPU
		{D04A2442-A5D0-47D0-9B06-C9B6D5A09A34}.Debug|Any CPU.ActiveCfg = Debug|Any CPU
		{D04A2442-A5D0-47D0-9B06-C9B6D5A09A34}.Debug|Any CPU.Build.0 = Debug|Any CPU
		{D04A2442-A5D0-47D0-9B06-C9B6D5A09A34}.Debug|Any CPU.Deploy.0 = Debug|Any CPU
		{D04A2442-A5D0-47D0-9B06-C9B6D5A09A34}.Release|Any CPU.ActiveCfg = Release|Any CPU
		{D04A2442-A5D0-47D0-9B06-C9B6D5A09A34}.Release|Any CPU.Build.0 = Release|Any CPU
		{D04A2442-A5D0-47D0-9B06-C9B6D5A09A34}.Release|Any CPU.Deploy.0 = Release|Any CPU
	EndGlobalSection
	GlobalSection(SolutionProperties) = preSolution
		HideSolutionNode = FALSE
	EndGlobalSection
EndGlobal
